
Microsoft Visual Studio Solution File, Format Version 12.00
# Visual Studio Version 17
VisualStudioVersion = 17.0.32112.339
MinimumVisualStudioVersion = 10.0.40219.1
Project("{8BC9CEB8-8B4A-11D0-8D11-00A0C91BC942}") = "cpp-oop", "cpp-oop.vcxproj", "{548F2BCA-E1BF-4B9B-B797-6C81C4450537}"
EndProject
Global
	GlobalSection(SolutionConfigurationPlatforms) = preSolution
		Debug|x64 = Debug|x64
		Debug|x86 = Debug|x86
		Release|x64 = Release|x64
		Release|x86 = Release|x86
	EndGlobalSection
	GlobalSection(ProjectConfigurationPlatforms) = postSolution
		{548F2BCA-E1BF-4B9B-B797-6C81C4450537}.Debug|x64.ActiveCfg = Debug|x64
		{548F2BCA-E1BF-4B9B-B797-6C81C4450537}.Debug|x64.Build.0 = Debug|x64
		{548F2BCA-E1BF-4B9B-B797-6C81C4450537}.Debug|x86.ActiveCfg = Debug|Win32
		{548F2BCA-E1BF-4B9B-B797-6C81C4450537}.Debug|x86.Build.0 = Debug|Win32
		{548F2BCA-E1BF-4B9B-B797-6C81C4450537}.Release|x64.ActiveCfg = Release|x64
		{548F2BCA-E1BF-4B9B-B797-6C81C4450537}.Release|x64.Build.0 = Release|x64
		{548F2BCA-E1BF-4B9B-B797-6C81C4450537}.Release|x86.ActiveCfg = Release|Win32
		{548F2BCA-E1BF-4B9B-B797-6C81C4450537}.Release|x86.Build.0 = Release|Win32
	EndGlobalSection
	GlobalSection(SolutionProperties) = preSolution
		HideSolutionNode = FALSE
	EndGlobalSection
	GlobalSection(ExtensibilityGlobals) = postSolution
		SolutionGuid = {BB6BB1BB-1903-48C5-AD5B-E98206809C35}
	EndGlobalSection
EndGlobal
